
Microsoft Visual Studio Solution File, Format Version 12.00
# Visual Studio Version 17
VisualStudioVersion = 17.0.31903.59
MinimumVisualStudioVersion = 10.0.40219.1
Project("{FAE04EC0-301F-11D3-BF4B-00C04F79EFBC}") = "labs01", "labs01\labs01.csproj", "{B255A549-90B4-400D-8A93-53A5FB9E3BFF}"
EndProject
Project("{FAE04EC0-301F-11D3-BF4B-00C04F79EFBC}") = "labs02", "labs02\labs02.csproj", "{9BEA20CE-1D3B-421A-BADF-6314A78B3FE0}"
EndProject
Project("{FAE04EC0-301F-11D3-BF4B-00C04F79EFBC}") = "labs03", "labs03\labs03.csproj", "{D29B45F1-E992-42C2-99C3-BA697121D578}"
EndProject
Project("{FAE04EC0-301F-11D3-BF4B-00C04F79EFBC}") = "labs04", "labs04\labs04.csproj", "{1C655A6B-CED5-443B-9868-8E058A29D048}"
EndProject
Global
	GlobalSection(SolutionConfigurationPlatforms) = preSolution
		Debug|Any CPU = Debug|Any CPU
		Release|Any CPU = Release|Any CPU
	EndGlobalSection
	GlobalSection(SolutionProperties) = preSolution
		HideSolutionNode = FALSE
	EndGlobalSection
	GlobalSection(ProjectConfigurationPlatforms) = postSolution
		{B255A549-90B4-400D-8A93-53A5FB9E3BFF}.Debug|Any CPU.ActiveCfg = Debug|Any CPU
		{B255A549-90B4-400D-8A93-53A5FB9E3BFF}.Debug|Any CPU.Build.0 = Debug|Any CPU
		{B255A549-90B4-400D-8A93-53A5FB9E3BFF}.Release|Any CPU.ActiveCfg = Release|Any CPU
		{B255A549-90B4-400D-8A93-53A5FB9E3BFF}.Release|Any CPU.Build.0 = Release|Any CPU
		{9BEA20CE-1D3B-421A-BADF-6314A78B3FE0}.Debug|Any CPU.ActiveCfg = Debug|Any CPU
		{9BEA20CE-1D3B-421A-BADF-6314A78B3FE0}.Debug|Any CPU.Build.0 = Debug|Any CPU
		{9BEA20CE-1D3B-421A-BADF-6314A78B3FE0}.Release|Any CPU.ActiveCfg = Release|Any CPU
		{9BEA20CE-1D3B-421A-BADF-6314A78B3FE0}.Release|Any CPU.Build.0 = Release|Any CPU
		{D29B45F1-E992-42C2-99C3-BA697121D578}.Debug|Any CPU.ActiveCfg = Debug|Any CPU
		{D29B45F1-E992-42C2-99C3-BA697121D578}.Debug|Any CPU.Build.0 = Debug|Any CPU
		{D29B45F1-E992-42C2-99C3-BA697121D578}.Release|Any CPU.ActiveCfg = Release|Any CPU
		{D29B45F1-E992-42C2-99C3-BA697121D578}.Release|Any CPU.Build.0 = Release|Any CPU
		{1C655A6B-CED5-443B-9868-8E058A29D048}.Debug|Any CPU.ActiveCfg = Debug|Any CPU
		{1C655A6B-CED5-443B-9868-8E058A29D048}.Debug|Any CPU.Build.0 = Debug|Any CPU
		{1C655A6B-CED5-443B-9868-8E058A29D048}.Release|Any CPU.ActiveCfg = Release|Any CPU
		{1C655A6B-CED5-443B-9868-8E058A29D048}.Release|Any CPU.Build.0 = Release|Any CPU
	EndGlobalSection
	GlobalSection(NestedProjects) = preSolution
	EndGlobalSection
EndGlobal
